
Microsoft Visual Studio Solution File, Format Version 12.00
# Visual Studio 14
VisualStudioVersion = 14.0.24720.0
MinimumVisualStudioVersion = 10.0.40219.1
Project("{FAE04EC0-301F-11D3-BF4B-00C04F79EFBC}") = "Chapter14", "Chapter14\Chapter14.csproj", "{A3C2A0C8-9D59-4E97-AF3F-3FEDB76CA864}"
EndProject
Project("{FAE04EC0-301F-11D3-BF4B-00C04F79EFBC}") = "Chapter14.Tests", "Chapter14.Tests\Chapter14.Tests.csproj", "{4DD3C46E-C67B-4EA1-BC53-5787B9F2C551}"
EndProject
Global
	GlobalSection(SolutionConfigurationPlatforms) = preSolution
		Debug|Any CPU = Debug|Any CPU
		Release|Any CPU = Release|Any CPU
	EndGlobalSection
	GlobalSection(ProjectConfigurationPlatforms) = postSolution
		{A3C2A0C8-9D59-4E97-AF3F-3FEDB76CA864}.Debug|Any CPU.ActiveCfg = Debug|Any CPU
		{A3C2A0C8-9D59-4E97-AF3F-3FEDB76CA864}.Debug|Any CPU.Build.0 = Debug|Any CPU
		{A3C2A0C8-9D59-4E97-AF3F-3FEDB76CA864}.Release|Any CPU.ActiveCfg = Release|Any CPU
		{A3C2A0C8-9D59-4E97-AF3F-3FEDB76CA864}.Release|Any CPU.Build.0 = Release|Any CPU
		{4DD3C46E-C67B-4EA1-BC53-5787B9F2C551}.Debug|Any CPU.ActiveCfg = Debug|Any CPU
		{4DD3C46E-C67B-4EA1-BC53-5787B9F2C551}.Debug|Any CPU.Build.0 = Debug|Any CPU
		{4DD3C46E-C67B-4EA1-BC53-5787B9F2C551}.Release|Any CPU.ActiveCfg = Release|Any CPU
		{4DD3C46E-C67B-4EA1-BC53-5787B9F2C551}.Release|Any CPU.Build.0 = Release|Any CPU
	EndGlobalSection
	GlobalSection(SolutionProperties) = preSolution
		HideSolutionNode = FALSE
	EndGlobalSection
EndGlobal
